
Microsoft Visual Studio Solution File, Format Version 12.00
# Visual Studio Version 17
VisualStudioVersion = 17.8.34330.188
MinimumVisualStudioVersion = 10.0.40219.1
Project("{FAE04EC0-301F-11D3-BF4B-00C04F79EFBC}") = "Entities", "Entities\Entities.csproj", "{DCB7C48E-217D-4B9D-882D-14F919908D1D}"
EndProject
Global
	GlobalSection(SolutionConfigurationPlatforms) = preSolution
		Debug|Any CPU = Debug|Any CPU
		Release|Any CPU = Release|Any CPU
	EndGlobalSection
	GlobalSection(ProjectConfigurationPlatforms) = postSolution
		{DCB7C48E-217D-4B9D-882D-14F919908D1D}.Debug|Any CPU.ActiveCfg = Debug|Any CPU
		{DCB7C48E-217D-4B9D-882D-14F919908D1D}.Debug|Any CPU.Build.0 = Debug|Any CPU
		{DCB7C48E-217D-4B9D-882D-14F919908D1D}.Release|Any CPU.ActiveCfg = Release|Any CPU
		{DCB7C48E-217D-4B9D-882D-14F919908D1D}.Release|Any CPU.Build.0 = Release|Any CPU
	EndGlobalSection
	GlobalSection(SolutionProperties) = preSolution
		HideSolutionNode = FALSE
	EndGlobalSection
EndGlobal
